
Microsoft Visual Studio Solution File, Format Version 12.00
# Visual Studio Version 17
VisualStudioVersion = 17.5.002.0
MinimumVisualStudioVersion = 10.0.40219.1
Project("{9A19103F-16F7-4668-BE54-9A1E7A4F7556}") = "zeit-backend-test", "zeit-backend-test.csproj", "{527F6082-4999-45A2-88B1-167C0107D4A9}"
EndProject
Global
	GlobalSection(SolutionConfigurationPlatforms) = preSolution
		Debug|Any CPU = Debug|Any CPU
		Release|Any CPU = Release|Any CPU
	EndGlobalSection
	GlobalSection(ProjectConfigurationPlatforms) = postSolution
		{527F6082-4999-45A2-88B1-167C0107D4A9}.Debug|Any CPU.ActiveCfg = Debug|Any CPU
		{527F6082-4999-45A2-88B1-167C0107D4A9}.Debug|Any CPU.Build.0 = Debug|Any CPU
		{527F6082-4999-45A2-88B1-167C0107D4A9}.Release|Any CPU.ActiveCfg = Release|Any CPU
		{527F6082-4999-45A2-88B1-167C0107D4A9}.Release|Any CPU.Build.0 = Release|Any CPU
	EndGlobalSection
	GlobalSection(SolutionProperties) = preSolution
		HideSolutionNode = FALSE
	EndGlobalSection
	GlobalSection(ExtensibilityGlobals) = postSolution
		SolutionGuid = {FAAD3CED-04CB-4BD6-B836-E39B2A7C62A6}
	EndGlobalSection
EndGlobal
